
Microsoft Visual Studio Solution File, Format Version 12.00
# Visual Studio 15
VisualStudioVersion = 15.0.27130.2003
MinimumVisualStudioVersion = 10.0.40219.1
Project("{FAE04EC0-301F-11D3-BF4B-00C04F79EFBC}") = "WebApiTesting", "WebApiTesting\WebApiTesting.csproj", "{0E79402F-DDE9-430E-A0AA-7566B697FB1F}"
EndProject
Global
	GlobalSection(SolutionConfigurationPlatforms) = preSolution
		Debug|Any CPU = Debug|Any CPU
		Release|Any CPU = Release|Any CPU
	EndGlobalSection
	GlobalSection(ProjectConfigurationPlatforms) = postSolution
		{0E79402F-DDE9-430E-A0AA-7566B697FB1F}.Debug|Any CPU.ActiveCfg = Debug|Any CPU
		{0E79402F-DDE9-430E-A0AA-7566B697FB1F}.Debug|Any CPU.Build.0 = Debug|Any CPU
		{0E79402F-DDE9-430E-A0AA-7566B697FB1F}.Release|Any CPU.ActiveCfg = Release|Any CPU
		{0E79402F-DDE9-430E-A0AA-7566B697FB1F}.Release|Any CPU.Build.0 = Release|Any CPU
	EndGlobalSection
	GlobalSection(SolutionProperties) = preSolution
		HideSolutionNode = FALSE
	EndGlobalSection
	GlobalSection(ExtensibilityGlobals) = postSolution
		SolutionGuid = {2BCFBFC7-487F-4A80-807A-6A5AC4332F52}
	EndGlobalSection
EndGlobal
